
Microsoft Visual Studio Solution File, Format Version 12.00
# Visual Studio Version 17
VisualStudioVersion = 17.7.34031.279
MinimumVisualStudioVersion = 10.0.40219.1
Project("{FAE04EC0-301F-11D3-BF4B-00C04F79EFBC}") = "Blog", "Blog\Blog.csproj", "{CCB5DEE9-8670-426E-803E-01205CCA031A}"
EndProject
Global
	GlobalSection(SolutionConfigurationPlatforms) = preSolution
		Debug|Any CPU = Debug|Any CPU
		Release|Any CPU = Release|Any CPU
	EndGlobalSection
	GlobalSection(ProjectConfigurationPlatforms) = postSolution
		{CCB5DEE9-8670-426E-803E-01205CCA031A}.Debug|Any CPU.ActiveCfg = Debug|Any CPU
		{CCB5DEE9-8670-426E-803E-01205CCA031A}.Debug|Any CPU.Build.0 = Debug|Any CPU
		{CCB5DEE9-8670-426E-803E-01205CCA031A}.Release|Any CPU.ActiveCfg = Release|Any CPU
		{CCB5DEE9-8670-426E-803E-01205CCA031A}.Release|Any CPU.Build.0 = Release|Any CPU
	EndGlobalSection
	GlobalSection(SolutionProperties) = preSolution
		HideSolutionNode = FALSE
	EndGlobalSection
	GlobalSection(ExtensibilityGlobals) = postSolution
		SolutionGuid = {32637704-BB2C-4B34-BEC8-B66EE5C7636D}
	EndGlobalSection
EndGlobal
